task_name: ASSEMBLE_CHAIN_DOOR_LOCK
task_message:
- Assemble the chain door lock smoothly.
- Move the chain_pin to the chain_door smoothly.
- Install the chain_pin to the chain_door smoothly.
task_setting_suggestion: This task aims to assemble the chain door lock.
physics_dt: 120
rendering_dt: 120
stage_units: 1.0
max_episode_steps: 1000
image_size:
- 128
- 128
stand_position:
-   - 0.0
    - 0.0
    - 0.62
robot:
    joint_positions:
    - 0.09013208
    - -0.526969
    - -0.09634338
    - -2.5128212
    - -0.04378112
    - 1.9551778
    - 0.8178173
    gripper_state: open
gripper_opened_position:
- 0.03
- 0.03
table_height: 1.03
support:
    need: false
    height: 0.0
    size: 0.0
    scale:
    - 1.0
    - 1.0
    - 1.0
objects_to_manipulate:
    object_1:
        name: pin
        area:
        -   - 0.5
            - -0.05
        -   - 0.45
            - -0.1
        offset:
        - 0.0
        - 0.0
        - 0.0
        height: 0.001
        orientation:
        -   - 0.0
            - 0.0
            - 0.0
        -   - 0.0
            - 0.0
            - 0.0
        mass: 0.001
        usd_path: /task_assets/CHAIN_DOOR_LOCK/chain_pin.usdc
        interact_object: door
        success_criteria:
        -   - 0.005
            - 0.005
            - 0.001
        -   - 0.0001
objects_to_interact:
    object_1:
        name: door
        area:
        -   - 0.65
            - 0.1
        -   - 0.6
            - 0.05
        offset:
        - 0.0
        - 0.0
        - 0.0
        height: 0.01
        orientation:
        -   - 0.0
            - 0.0
            - 0.0
        -   - 0.0
            - 0.0
            - 0.0
        mass: 100.0
        usd_path: /task_assets/CHAIN_DOOR_LOCK/chain_door_lock_base.usdc
        track_contact_forces: true
